
Microsoft Visual Studio Solution File, Format Version 12.00
Project("{FAE04EC0-301F-11D3-BF4B-00C04F79EFBC}") = "ConsoleApp3", "ConsoleApp3.csproj", "{CEFA3A40-107E-4DF0-827D-65DF5B32BD88}"
EndProject
Global
	GlobalSection(SolutionConfigurationPlatforms) = preSolution
		Debug|Any CPU = Debug|Any CPU
		Release|Any CPU = Release|Any CPU
	EndGlobalSection
	GlobalSection(ProjectConfigurationPlatforms) = postSolution
		{CEFA3A40-107E-4DF0-827D-65DF5B32BD88}.Debug|Any CPU.ActiveCfg = Debug|Any CPU
		{CEFA3A40-107E-4DF0-827D-65DF5B32BD88}.Debug|Any CPU.Build.0 = Debug|Any CPU
		{CEFA3A40-107E-4DF0-827D-65DF5B32BD88}.Release|Any CPU.ActiveCfg = Release|Any CPU
		{CEFA3A40-107E-4DF0-827D-65DF5B32BD88}.Release|Any CPU.Build.0 = Release|Any CPU
	EndGlobalSection
EndGlobal
